
Microsoft Visual Studio Solution File, Format Version 12.00
# Visual Studio 14
VisualStudioVersion = 14.0.23107.0
MinimumVisualStudioVersion = 10.0.40219.1
Project("{FAE04EC0-301F-11D3-BF4B-00C04F79EFBC}") = "SEDC.Portfolio.Core", "SEDC.Portfolio.Core\SEDC.Portfolio.Core.csproj", "{F5D3008E-78C8-4E09-B309-BE653BA8E2FF}"
EndProject
Project("{FAE04EC0-301F-11D3-BF4B-00C04F79EFBC}") = "SEDC.Portfolio.Infrastructure", "SEDC.Portfolio.Infrastructure\SEDC.Portfolio.Infrastructure.csproj", "{4D242849-9D11-491F-98A3-A987ED705E0E}"
EndProject
Project("{2150E333-8FDC-42A3-9474-1A3956D46DE8}") = "Applications", "Applications", "{E8E86963-A015-417A-9F7D-5F44B605C49F}"
EndProject
Project("{FAE04EC0-301F-11D3-BF4B-00C04F79EFBC}") = "Sedc.Portfolio.Admin", "Sedc.Portfolio.Admin\Sedc.Portfolio.Admin.csproj", "{B7DB37FF-84A1-4E85-A136-AD2B4393382D}"
EndProject
Global
	GlobalSection(SolutionConfigurationPlatforms) = preSolution
		Debug|Any CPU = Debug|Any CPU
		Release|Any CPU = Release|Any CPU
	EndGlobalSection
	GlobalSection(ProjectConfigurationPlatforms) = postSolution
		{F5D3008E-78C8-4E09-B309-BE653BA8E2FF}.Debug|Any CPU.ActiveCfg = Debug|Any CPU
		{F5D3008E-78C8-4E09-B309-BE653BA8E2FF}.Debug|Any CPU.Build.0 = Debug|Any CPU
		{F5D3008E-78C8-4E09-B309-BE653BA8E2FF}.Release|Any CPU.ActiveCfg = Release|Any CPU
		{F5D3008E-78C8-4E09-B309-BE653BA8E2FF}.Release|Any CPU.Build.0 = Release|Any CPU
		{4D242849-9D11-491F-98A3-A987ED705E0E}.Debug|Any CPU.ActiveCfg = Debug|Any CPU
		{4D242849-9D11-491F-98A3-A987ED705E0E}.Debug|Any CPU.Build.0 = Debug|Any CPU
		{4D242849-9D11-491F-98A3-A987ED705E0E}.Release|Any CPU.ActiveCfg = Release|Any CPU
		{4D242849-9D11-491F-98A3-A987ED705E0E}.Release|Any CPU.Build.0 = Release|Any CPU
		{B7DB37FF-84A1-4E85-A136-AD2B4393382D}.Debug|Any CPU.ActiveCfg = Debug|Any CPU
		{B7DB37FF-84A1-4E85-A136-AD2B4393382D}.Debug|Any CPU.Build.0 = Debug|Any CPU
		{B7DB37FF-84A1-4E85-A136-AD2B4393382D}.Release|Any CPU.ActiveCfg = Release|Any CPU
		{B7DB37FF-84A1-4E85-A136-AD2B4393382D}.Release|Any CPU.Build.0 = Release|Any CPU
	EndGlobalSection
	GlobalSection(SolutionProperties) = preSolution
		HideSolutionNode = FALSE
	EndGlobalSection
	GlobalSection(NestedProjects) = preSolution
		{B7DB37FF-84A1-4E85-A136-AD2B4393382D} = {E8E86963-A015-417A-9F7D-5F44B605C49F}
	EndGlobalSection
EndGlobal
